// !$*UTF8*$!
{
	archiveVersion = 1;
	classes = {
	};
	objectVersion = 46;
	objects = {

/* Begin PBXBuildFile section */
		1135E9B017BC4B4100E89E04 /* Foundation.framework in Frameworks */ = {isa = PBXBuildFile; fileRef = 1135E9AF17BC4B4100E89E04 /* Foundation.framework */; };
		1135E9B517BC4B4100E89E04 /* JJJFC.h in CopyFiles */ = {isa = PBXBuildFile; fileRef = 1135E9B417BC4B4100E89E04 /* JJJFC.h */; };
		1135E9B717BC4B4100E89E04 /* JJJFC.m in Sources */ = {isa = PBXBuildFile; fileRef = 1135E9B617BC4B4100E89E04 /* JJJFC.m */; };
		1135E9BF17BC4B4100E89E04 /* SenTestingKit.framework in Frameworks */ = {isa = PBXBuildFile; fileRef = 1135E9BE17BC4B4100E89E04 /* SenTestingKit.framework */; };
		1135E9C117BC4B4100E89E04 /* UIKit.framework in Frameworks */ = {isa = PBXBuildFile; fileRef = 1135E9C017BC4B4100E89E04 /* UIKit.framework */; };
		1135E9C217BC4B4100E89E04 /* Foundation.framework in Frameworks */ = {isa = PBXBuildFile; fileRef = 1135E9AF17BC4B4100E89E04 /* Foundation.framework */; };
		1135E9C517BC4B4100E89E04 /* libJJJFC.a in Frameworks */ = {isa = PBXBuildFile; fileRef = 1135E9AC17BC4B4100E89E04 /* libJJJFC.a */; };
		1135E9CB17BC4B4100E89E04 /* InfoPlist.strings in Resources */ = {isa = PBXBuildFile; fileRef = 1135E9C917BC4B4100E89E04 /* InfoPlist.strings */; };
		1135E9CE17BC4B4100E89E04 /* JJJFCTests.m in Sources */ = {isa = PBXBuildFile; fileRef = 1135E9CD17BC4B4100E89E04 /* JJJFCTests.m */; };
/* End PBXBuildFile section */

/* Begin PBXContainerItemProxy section */
		1135E9C317BC4B4100E89E04 /* PBXContainerItemProxy */ = {
			isa = PBXContainerItemProxy;
			containerPortal = 1135E9A417BC4B4100E89E04 /* Project object */;
			proxyType = 1;
			remoteGlobalIDString = 1135E9AB17BC4B4100E89E04;
			remoteInfo = JJJFC;
		};
/* End PBXContainerItemProxy section */

/* Begin PBXCopyFilesBuildPhase section */
		1135E9AA17BC4B4100E89E04 /* CopyFiles */ = {
			isa = PBXCopyFilesBuildPhase;
			buildActionMask = 2147483647;
			dstPath = "include/${PRODUCT_NAME}";
			dstSubfolderSpec = 16;
			files = (
				1135E9B517BC4B4100E89E04 /* JJJFC.h in CopyFiles */,
			);
			runOnlyForDeploymentPostprocessing = 0;
		};
/* End PBXCopyFilesBuildPhase section */

/* Begin PBXFileReference section */
		1135E9AC17BC4B4100E89E04 /* libJJJFC.a */ = {isa = PBXFileReference; explicitFileType = archive.ar; includeInIndex = 0; path = libJJJFC.a; sourceTree = BUILT_PRODUCTS_DIR; };
		1135E9AF17BC4B4100E89E04 /* Foundation.framework */ = {isa = PBXFileReference; lastKnownFileType = wrapper.framework; name = Foundation.framework; path = System/Library/Frameworks/Foundation.framework; sourceTree = SDKROOT; };
		1135E9B317BC4B4100E89E04 /* JJJFC-Prefix.pch */ = {isa = PBXFileReference; lastKnownFileType = sourcecode.c.h; path = "JJJFC-Prefix.pch"; sourceTree = "<group>"; };
		1135E9B417BC4B4100E89E04 /* JJJFC.h */ = {isa = PBXFileReference; lastKnownFileType = sourcecode.c.h; path = JJJFC.h; sourceTree = "<group>"; };
		1135E9B617BC4B4100E89E04 /* JJJFC.m */ = {isa = PBXFileReference; lastKnownFileType = sourcecode.c.objc; path = JJJFC.m; sourceTree = "<group>"; };
		1135E9BD17BC4B4100E89E04 /* JJJFCTests.octest */ = {isa = PBXFileReference; explicitFileType = wrapper.cfbundle; includeInIndex = 0; path = JJJFCTests.octest; sourceTree = BUILT_PRODUCTS_DIR; };
		1135E9BE17BC4B4100E89E04 /* SenTestingKit.framework */ = {isa = PBXFileReference; lastKnownFileType = wrapper.framework; name = SenTestingKit.framework; path = Library/Frameworks/SenTestingKit.framework; sourceTree = DEVELOPER_DIR; };
		1135E9C017BC4B4100E89E04 /* UIKit.framework */ = {isa = PBXFileReference; lastKnownFileType = wrapper.framework; name = UIKit.framework; path = Library/Frameworks/UIKit.framework; sourceTree = DEVELOPER_DIR; };
		1135E9C817BC4B4100E89E04 /* JJJFCTests-Info.plist */ = {isa = PBXFileReference; lastKnownFileType = text.plist.xml; path = "JJJFCTests-Info.plist"; sourceTree = "<group>"; };
		1135E9CA17BC4B4100E89E04 /* en */ = {isa = PBXFileReference; lastKnownFileType = text.plist.strings; name = en; path = en.lproj/InfoPlist.strings; sourceTree = "<group>"; };
		1135E9CC17BC4B4100E89E04 /* JJJFCTests.h */ = {isa = PBXFileReference; lastKnownFileType = sourcecode.c.h; path = JJJFCTests.h; sourceTree = "<group>"; };
		1135E9CD17BC4B4100E89E04 /* JJJFCTests.m */ = {isa = PBXFileReference; lastKnownFileType = sourcecode.c.objc; path = JJJFCTests.m; sourceTree = "<group>"; };
/* End PBXFileReference section */

/* Begin PBXFrameworksBuildPhase section */
		1135E9A917BC4B4100E89E04 /* Frameworks */ = {
			isa = PBXFrameworksBuildPhase;
			buildActionMask = 2147483647;
			files = (
				1135E9B017BC4B4100E89E04 /* Foundation.framework in Frameworks */,
			);
			runOnlyForDeploymentPostprocessing = 0;
		};
		1135E9B917BC4B4100E89E04 /* Frameworks */ = {
			isa = PBXFrameworksBuildPhase;
			buildActionMask = 2147483647;
			files = (
				1135E9BF17BC4B4100E89E04 /* SenTestingKit.framework in Frameworks */,
				1135E9C117BC4B4100E89E04 /* UIKit.framework in Frameworks */,
				1135E9C217BC4B4100E89E04 /* Foundation.framework in Frameworks */,
				1135E9C517BC4B4100E89E04 /* libJJJFC.a in Frameworks */,
			);
			runOnlyForDeploymentPostprocessing = 0;
		};
/* End PBXFrameworksBuildPhase section */

/* Begin PBXGroup section */
		1135E9A317BC4B4100E89E04 = {
			isa = PBXGroup;
			children = (
				1135E9B117BC4B4100E89E04 /* JJJFC */,
				1135E9C617BC4B4100E89E04 /* JJJFCTests */,
				1135E9AE17BC4B4100E89E04 /* Frameworks */,
				1135E9AD17BC4B4100E89E04 /* Products */,
			);
			sourceTree = "<group>";
		};
		1135E9AD17BC4B4100E89E04 /* Products */ = {
			isa = PBXGroup;
			children = (
				1135E9AC17BC4B4100E89E04 /* libJJJFC.a */,
				1135E9BD17BC4B4100E89E04 /* JJJFCTests.octest */,
			);
			name = Products;
			sourceTree = "<group>";
		};
		1135E9AE17BC4B4100E89E04 /* Frameworks */ = {
			isa = PBXGroup;
			children = (
				1135E9AF17BC4B4100E89E04 /* Foundation.framework */,
				1135E9BE17BC4B4100E89E04 /* SenTestingKit.framework */,
				1135E9C017BC4B4100E89E04 /* UIKit.framework */,
			);
			name = Frameworks;
			sourceTree = "<group>";
		};
		1135E9B117BC4B4100E89E04 /* JJJFC */ = {
			isa = PBXGroup;
			children = (
				1135E9B417BC4B4100E89E04 /* JJJFC.h */,
				1135E9B617BC4B4100E89E04 /* JJJFC.m */,
				1135E9B217BC4B4100E89E04 /* Supporting Files */,
			);
			path = JJJFC;
			sourceTree = "<group>";
		};
		1135E9B217BC4B4100E89E04 /* Supporting Files */ = {
			isa = PBXGroup;
			children = (
				1135E9B317BC4B4100E89E04 /* JJJFC-Prefix.pch */,
			);
			name = "Supporting Files";
			sourceTree = "<group>";
		};
		1135E9C617BC4B4100E89E04 /* JJJFCTests */ = {
			isa = PBXGroup;
			children = (
				1135E9CC17BC4B4100E89E04 /* JJJFCTests.h */,
				1135E9CD17BC4B4100E89E04 /* JJJFCTests.m */,
				1135E9C717BC4B4100E89E04 /* Supporting Files */,
			);
			path = JJJFCTests;
			sourceTree = "<group>";
		};
		1135E9C717BC4B4100E89E04 /* Supporting Files */ = {
			isa = PBXGroup;
			children = (
				1135E9C817BC4B4100E89E04 /* JJJFCTests-Info.plist */,
				1135E9C917BC4B4100E89E04 /* InfoPlist.strings */,
			);
			name = "Supporting Files";
			sourceTree = "<group>";
		};
/* End PBXGroup section */

/* Begin PBXNativeTarget section */
		1135E9AB17BC4B4100E89E04 /* JJJFC */ = {
			isa = PBXNativeTarget;
			buildConfigurationList = 1135E9D117BC4B4100E89E04 /* Build configuration list for PBXNativeTarget "JJJFC" */;
			buildPhases = (
				1135E9A817BC4B4100E89E04 /* Sources */,
				1135E9A917BC4B4100E89E04 /* Frameworks */,
				1135E9AA17BC4B4100E89E04 /* CopyFiles */,
			);
			buildRules = (
			);
			dependencies = (
			);
			name = JJJFC;
			productName = JJJFC;
			productReference = 1135E9AC17BC4B4100E89E04 /* libJJJFC.a */;
			productType = "com.apple.product-type.library.static";
		};
		1135E9BC17BC4B4100E89E04 /* JJJFCTests */ = {
			isa = PBXNativeTarget;
			buildConfigurationList = 1135E9D417BC4B4100E89E04 /* Build configuration list for PBXNativeTarget "JJJFCTests" */;
			buildPhases = (
				1135E9B817BC4B4100E89E04 /* Sources */,
				1135E9B917BC4B4100E89E04 /* Frameworks */,
				1135E9BA17BC4B4100E89E04 /* Resources */,
				1135E9BB17BC4B4100E89E04 /* ShellScript */,
			);
			buildRules = (
			);
			dependencies = (
				1135E9C417BC4B4100E89E04 /* PBXTargetDependency */,
			);
			name = JJJFCTests;
			productName = JJJFCTests;
			productReference = 1135E9BD17BC4B4100E89E04 /* JJJFCTests.octest */;
			productType = "com.apple.product-type.bundle";
		};
/* End PBXNativeTarget section */

/* Begin PBXProject section */
		1135E9A417BC4B4100E89E04 /* Project object */ = {
			isa = PBXProject;
			attributes = {
				LastUpgradeCheck = 0460;
				ORGANIZATIONNAME = "JJJ Software";
			};
			buildConfigurationList = 1135E9A717BC4B4100E89E04 /* Build configuration list for PBXProject "JJJFC" */;
			compatibilityVersion = "Xcode 3.2";
			developmentRegion = English;
			hasScannedForEncodings = 0;
			knownRegions = (
				en,
			);
			mainGroup = 1135E9A317BC4B4100E89E04;
			productRefGroup = 1135E9AD17BC4B4100E89E04 /* Products */;
			projectDirPath = "";
			projectRoot = "";
			targets = (
				1135E9AB17BC4B4100E89E04 /* JJJFC */,
				1135E9BC17BC4B4100E89E04 /* JJJFCTests */,
			);
		};
/* End PBXProject section */

/* Begin PBXResourcesBuildPhase section */
		1135E9BA17BC4B4100E89E04 /* Resources */ = {
			isa = PBXResourcesBuildPhase;
			buildActionMask = 2147483647;
			files = (
				1135E9CB17BC4B4100E89E04 /* InfoPlist.strings in Resources */,
			);
			runOnlyForDeploymentPostprocessing = 0;
		};
/* End PBXResourcesBuildPhase section */

/* Begin PBXShellScriptBuildPhase section */
		1135E9BB17BC4B4100E89E04 /* ShellScript */ = {
			isa = PBXShellScriptBuildPhase;
			buildActionMask = 2147483647;
			files = (
			);
			inputPaths = (
			);
			outputPaths = (
			);
			runOnlyForDeploymentPostprocessing = 0;
			shellPath = /bin/sh;
			shellScript = "# Run the unit tests in this test bundle.\n\"${SYSTEM_DEVELOPER_DIR}/Tools/RunUnitTests\"\n";
		};
/* End PBXShellScriptBuildPhase section */

/* Begin PBXSourcesBuildPhase section */
		1135E9A817BC4B4100E89E04 /* Sources */ = {
			isa = PBXSourcesBuildPhase;
			buildActionMask = 2147483647;
			files = (
				1135E9B717BC4B4100E89E04 /* JJJFC.m in Sources */,
			);
			runOnlyForDeploymentPostprocessing = 0;
		};
		1135E9B817BC4B4100E89E04 /* Sources */ = {
			isa = PBXSourcesBuildPhase;
			buildActionMask = 2147483647;
			files = (
				1135E9CE17BC4B4100E89E04 /* JJJFCTests.m in Sources */,
			);
			runOnlyForDeploymentPostprocessing = 0;
		};
/* End PBXSourcesBuildPhase section */

/* Begin PBXTargetDependency section */
		1135E9C417BC4B4100E89E04 /* PBXTargetDependency */ = {
			isa = PBXTargetDependency;
			target = 1135E9AB17BC4B4100E89E04 /* JJJFC */;
			targetProxy = 1135E9C317BC4B4100E89E04 /* PBXContainerItemProxy */;
		};
/* End PBXTargetDependency section */

/* Begin PBXVariantGroup section */
		1135E9C917BC4B4100E89E04 /* InfoPlist.strings */ = {
			isa = PBXVariantGroup;
			children = (
				1135E9CA17BC4B4100E89E04 /* en */,
			);
			name = InfoPlist.strings;
			sourceTree = "<group>";
		};
/* End PBXVariantGroup section */

/* Begin XCBuildConfiguration section */
		1135E9CF17BC4B4100E89E04 /* Debug */ = {
			isa = XCBuildConfiguration;
			buildSettings = {
				ALWAYS_SEARCH_USER_PATHS = NO;
				CLANG_CXX_LANGUAGE_STANDARD = "gnu++0x";
				CLANG_CXX_LIBRARY = "libc++";
				CLANG_WARN_CONSTANT_CONVERSION = YES;
				CLANG_WARN_EMPTY_BODY = YES;
				CLANG_WARN_ENUM_CONVERSION = YES;
				CLANG_WARN_INT_CONVERSION = YES;
				CLANG_WARN__DUPLICATE_METHOD_MATCH = YES;
				COPY_PHASE_STRIP = NO;
				GCC_C_LANGUAGE_STANDARD = gnu99;
				GCC_DYNAMIC_NO_PIC = NO;
				GCC_OPTIMIZATION_LEVEL = 0;
				GCC_PREPROCESSOR_DEFINITIONS = (
					"DEBUG=1",
					"$(inherited)",
				);
				GCC_SYMBOLS_PRIVATE_EXTERN = NO;
				GCC_WARN_ABOUT_RETURN_TYPE = YES;
				GCC_WARN_UNINITIALIZED_AUTOS = YES;
				GCC_WARN_UNUSED_VARIABLE = YES;
				IPHONEOS_DEPLOYMENT_TARGET = 6.1;
				ONLY_ACTIVE_ARCH = YES;
				SDKROOT = iphoneos;
			};
			name = Debug;
		};
		1135E9D017BC4B4100E89E04 /* Release */ = {
			isa = XCBuildConfiguration;
			buildSettings = {
				ALWAYS_SEARCH_USER_PATHS = NO;
				CLANG_CXX_LANGUAGE_STANDARD = "gnu++0x";
				CLANG_CXX_LIBRARY = "libc++";
				CLANG_WARN_CONSTANT_CONVERSION = YES;
				CLANG_WARN_EMPTY_BODY = YES;
				CLANG_WARN_ENUM_CONVERSION = YES;
				CLANG_WARN_INT_CONVERSION = YES;
				CLANG_WARN__DUPLICATE_METHOD_MATCH = YES;
				COPY_PHASE_STRIP = YES;
				GCC_C_LANGUAGE_STANDARD = gnu99;
				GCC_WARN_ABOUT_RETURN_TYPE = YES;
				GCC_WARN_UNINITIALIZED_AUTOS = YES;
				GCC_WARN_UNUSED_VARIABLE = YES;
				IPHONEOS_DEPLOYMENT_TARGET = 6.1;
				SDKROOT = iphoneos;
				VALIDATE_PRODUCT = YES;
			};
			name = Release;
		};
		1135E9D217BC4B4100E89E04 /* Debug */ = {
			isa = XCBuildConfiguration;
			buildSettings = {
				DSTROOT = /tmp/JJJFC.dst;
				GCC_PRECOMPILE_PREFIX_HEADER = YES;
				GCC_PREFIX_HEADER = "JJJFC/JJJFC-Prefix.pch";
				OTHER_LDFLAGS = "-ObjC";
				PRODUCT_NAME = "$(TARGET_NAME)";
				SKIP_INSTALL = YES;
			};
			name = Debug;
		};
		1135E9D317BC4B4100E89E04 /* Release */ = {
			isa = XCBuildConfiguration;
			buildSettings = {
				DSTROOT = /tmp/JJJFC.dst;
				GCC_PRECOMPILE_PREFIX_HEADER = YES;
				GCC_PREFIX_HEADER = "JJJFC/JJJFC-Prefix.pch";
				OTHER_LDFLAGS = "-ObjC";
				PRODUCT_NAME = "$(TARGET_NAME)";
				SKIP_INSTALL = YES;
			};
			name = Release;
		};
		1135E9D517BC4B4100E89E04 /* Debug */ = {
			isa = XCBuildConfiguration;
			buildSettings = {
				FRAMEWORK_SEARCH_PATHS = (
					"\"$(SDKROOT)/Developer/Library/Frameworks\"",
					"\"$(DEVELOPER_LIBRARY_DIR)/Frameworks\"",
				);
				GCC_PRECOMPILE_PREFIX_HEADER = YES;
				GCC_PREFIX_HEADER = "JJJFC/JJJFC-Prefix.pch";
				INFOPLIST_FILE = "JJJFCTests/JJJFCTests-Info.plist";
				PRODUCT_NAME = "$(TARGET_NAME)";
				WRAPPER_EXTENSION = octest;
			};
			name = Debug;
		};
		1135E9D617BC4B4100E89E04 /* Release */ = {
			isa = XCBuildConfiguration;
			buildSettings = {
				FRAMEWORK_SEARCH_PATHS = (
					"\"$(SDKROOT)/Developer/Library/Frameworks\"",
					"\"$(DEVELOPER_LIBRARY_DIR)/Frameworks\"",
				);
				GCC_PRECOMPILE_PREFIX_HEADER = YES;
				GCC_PREFIX_HEADER = "JJJFC/JJJFC-Prefix.pch";
				INFOPLIST_FILE = "JJJFCTests/JJJFCTests-Info.plist";
				PRODUCT_NAME = "$(TARGET_NAME)";
				WRAPPER_EXTENSION = octest;
			};
			name = Release;
		};
/* End XCBuildConfiguration section */

/* Begin XCConfigurationList section */
		1135E9A717BC4B4100E89E04 /* Build configuration list for PBXProject "JJJFC" */ = {
			isa = XCConfigurationList;
			buildConfigurations = (
				1135E9CF17BC4B4100E89E04 /* Debug */,
				1135E9D017BC4B4100E89E04 /* Release */,
			);
			defaultConfigurationIsVisible = 0;
			defaultConfigurationName = Release;
		};
		1135E9D117BC4B4100E89E04 /* Build configuration list for PBXNativeTarget "JJJFC" */ = {
			isa = XCConfigurationList;
			buildConfigurations = (
				1135E9D217BC4B4100E89E04 /* Debug */,
				1135E9D317BC4B4100E89E04 /* Release */,
			);
			defaultConfigurationIsVisible = 0;
		};
		1135E9D417BC4B4100E89E04 /* Build configuration list for PBXNativeTarget "JJJFCTests" */ = {
			isa = XCConfigurationList;
			buildConfigurations = (
				1135E9D517BC4B4100E89E04 /* Debug */,
				1135E9D617BC4B4100E89E04 /* Release */,
			);
			defaultConfigurationIsVisible = 0;
		};
/* End XCConfigurationList section */
	};
	rootObject = 1135E9A417BC4B4100E89E04 /* Project object */;
}
