// !$*UTF8*$!
{
	archiveVersion = 1;
	classes = {
	};
	objectVersion = 46;
	objects = {

/* Begin PBXBuildFile section */
		58431B08189E7DF1007E150F /* Cocoa.framework in Frameworks */ = {isa = PBXBuildFile; fileRef = 58431B07189E7DF1007E150F /* Cocoa.framework */; };
		58431B12189E7DF1007E150F /* InfoPlist.strings in Resources */ = {isa = PBXBuildFile; fileRef = 58431B10189E7DF1007E150F /* InfoPlist.strings */; };
		58431B1D189E7DF1007E150F /* XCTest.framework in Frameworks */ = {isa = PBXBuildFile; fileRef = 58431B1C189E7DF1007E150F /* XCTest.framework */; };
		58431B1E189E7DF1007E150F /* Cocoa.framework in Frameworks */ = {isa = PBXBuildFile; fileRef = 58431B07189E7DF1007E150F /* Cocoa.framework */; };
		58431B21189E7DF1007E150F /* JJJ.framework in Frameworks */ = {isa = PBXBuildFile; fileRef = 58431B04189E7DF1007E150F /* JJJ.framework */; };
		58431B27189E7DF1007E150F /* InfoPlist.strings in Resources */ = {isa = PBXBuildFile; fileRef = 58431B25189E7DF1007E150F /* InfoPlist.strings */; };
		58431B29189E7DF1007E150F /* JJJTests.m in Sources */ = {isa = PBXBuildFile; fileRef = 58431B28189E7DF1007E150F /* JJJTests.m */; };
		58431B37189E8635007E150F /* JJJCoreData.h in Headers */ = {isa = PBXBuildFile; fileRef = 58431B32189E8635007E150F /* JJJCoreData.h */; };
		58431B38189E8635007E150F /* JJJCoreData.m in Sources */ = {isa = PBXBuildFile; fileRef = 58431B33189E8635007E150F /* JJJCoreData.m */; };
		58431B39189E8635007E150F /* JJJCoreData.m in Sources */ = {isa = PBXBuildFile; fileRef = 58431B33189E8635007E150F /* JJJCoreData.m */; };
		58431B3A189E8635007E150F /* JJJ.h in Headers */ = {isa = PBXBuildFile; fileRef = 58431B34189E8635007E150F /* JJJ.h */; };
		58431B3B189E8635007E150F /* JJJUtil.h in Headers */ = {isa = PBXBuildFile; fileRef = 58431B35189E8635007E150F /* JJJUtil.h */; };
		58431B3C189E8635007E150F /* JJJUtil.m in Sources */ = {isa = PBXBuildFile; fileRef = 58431B36189E8635007E150F /* JJJUtil.m */; };
		58431B3D189E8635007E150F /* JJJUtil.m in Sources */ = {isa = PBXBuildFile; fileRef = 58431B36189E8635007E150F /* JJJUtil.m */; };
/* End PBXBuildFile section */

/* Begin PBXContainerItemProxy section */
		58431B1F189E7DF1007E150F /* PBXContainerItemProxy */ = {
			isa = PBXContainerItemProxy;
			containerPortal = 58431AFB189E7DF1007E150F /* Project object */;
			proxyType = 1;
			remoteGlobalIDString = 58431B03189E7DF1007E150F;
			remoteInfo = JJJ;
		};
/* End PBXContainerItemProxy section */

/* Begin PBXFileReference section */
		58431B04189E7DF1007E150F /* JJJ.framework */ = {isa = PBXFileReference; explicitFileType = wrapper.framework; includeInIndex = 0; path = JJJ.framework; sourceTree = BUILT_PRODUCTS_DIR; };
		58431B07189E7DF1007E150F /* Cocoa.framework */ = {isa = PBXFileReference; lastKnownFileType = wrapper.framework; name = Cocoa.framework; path = System/Library/Frameworks/Cocoa.framework; sourceTree = SDKROOT; };
		58431B0A189E7DF1007E150F /* Foundation.framework */ = {isa = PBXFileReference; lastKnownFileType = wrapper.framework; name = Foundation.framework; path = System/Library/Frameworks/Foundation.framework; sourceTree = SDKROOT; };
		58431B0B189E7DF1007E150F /* CoreData.framework */ = {isa = PBXFileReference; lastKnownFileType = wrapper.framework; name = CoreData.framework; path = System/Library/Frameworks/CoreData.framework; sourceTree = SDKROOT; };
		58431B0C189E7DF1007E150F /* AppKit.framework */ = {isa = PBXFileReference; lastKnownFileType = wrapper.framework; name = AppKit.framework; path = System/Library/Frameworks/AppKit.framework; sourceTree = SDKROOT; };
		58431B0F189E7DF1007E150F /* JJJ-Info.plist */ = {isa = PBXFileReference; lastKnownFileType = text.plist.xml; path = "JJJ-Info.plist"; sourceTree = "<group>"; };
		58431B11189E7DF1007E150F /* en */ = {isa = PBXFileReference; lastKnownFileType = text.plist.strings; name = en; path = en.lproj/InfoPlist.strings; sourceTree = "<group>"; };
		58431B13189E7DF1007E150F /* JJJ-Prefix.pch */ = {isa = PBXFileReference; lastKnownFileType = sourcecode.c.h; path = "JJJ-Prefix.pch"; sourceTree = "<group>"; };
		58431B1B189E7DF1007E150F /* JJJTests.xctest */ = {isa = PBXFileReference; explicitFileType = wrapper.cfbundle; includeInIndex = 0; path = JJJTests.xctest; sourceTree = BUILT_PRODUCTS_DIR; };
		58431B1C189E7DF1007E150F /* XCTest.framework */ = {isa = PBXFileReference; lastKnownFileType = wrapper.framework; name = XCTest.framework; path = Library/Frameworks/XCTest.framework; sourceTree = DEVELOPER_DIR; };
		58431B24189E7DF1007E150F /* JJJTests-Info.plist */ = {isa = PBXFileReference; lastKnownFileType = text.plist.xml; path = "JJJTests-Info.plist"; sourceTree = "<group>"; };
		58431B26189E7DF1007E150F /* en */ = {isa = PBXFileReference; lastKnownFileType = text.plist.strings; name = en; path = en.lproj/InfoPlist.strings; sourceTree = "<group>"; };
		58431B28189E7DF1007E150F /* JJJTests.m */ = {isa = PBXFileReference; lastKnownFileType = sourcecode.c.objc; path = JJJTests.m; sourceTree = "<group>"; };
		58431B32189E8635007E150F /* JJJCoreData.h */ = {isa = PBXFileReference; fileEncoding = 4; lastKnownFileType = sourcecode.c.h; path = JJJCoreData.h; sourceTree = "<group>"; };
		58431B33189E8635007E150F /* JJJCoreData.m */ = {isa = PBXFileReference; fileEncoding = 4; lastKnownFileType = sourcecode.c.objc; path = JJJCoreData.m; sourceTree = "<group>"; };
		58431B34189E8635007E150F /* JJJ.h */ = {isa = PBXFileReference; fileEncoding = 4; lastKnownFileType = sourcecode.c.h; path = JJJ.h; sourceTree = "<group>"; };
		58431B35189E8635007E150F /* JJJUtil.h */ = {isa = PBXFileReference; fileEncoding = 4; lastKnownFileType = sourcecode.c.h; path = JJJUtil.h; sourceTree = "<group>"; };
		58431B36189E8635007E150F /* JJJUtil.m */ = {isa = PBXFileReference; fileEncoding = 4; lastKnownFileType = sourcecode.c.objc; path = JJJUtil.m; sourceTree = "<group>"; };
/* End PBXFileReference section */

/* Begin PBXFrameworksBuildPhase section */
		58431B00189E7DF1007E150F /* Frameworks */ = {
			isa = PBXFrameworksBuildPhase;
			buildActionMask = 2147483647;
			files = (
				58431B08189E7DF1007E150F /* Cocoa.framework in Frameworks */,
			);
			runOnlyForDeploymentPostprocessing = 0;
		};
		58431B18189E7DF1007E150F /* Frameworks */ = {
			isa = PBXFrameworksBuildPhase;
			buildActionMask = 2147483647;
			files = (
				58431B1E189E7DF1007E150F /* Cocoa.framework in Frameworks */,
				58431B21189E7DF1007E150F /* JJJ.framework in Frameworks */,
				58431B1D189E7DF1007E150F /* XCTest.framework in Frameworks */,
			);
			runOnlyForDeploymentPostprocessing = 0;
		};
/* End PBXFrameworksBuildPhase section */

/* Begin PBXGroup section */
		58431AFA189E7DF1007E150F = {
			isa = PBXGroup;
			children = (
				58431B0D189E7DF1007E150F /* JJJ */,
				58431B22189E7DF1007E150F /* JJJTests */,
				58431B06189E7DF1007E150F /* Frameworks */,
				58431B05189E7DF1007E150F /* Products */,
			);
			sourceTree = "<group>";
		};
		58431B05189E7DF1007E150F /* Products */ = {
			isa = PBXGroup;
			children = (
				58431B04189E7DF1007E150F /* JJJ.framework */,
				58431B1B189E7DF1007E150F /* JJJTests.xctest */,
			);
			name = Products;
			sourceTree = "<group>";
		};
		58431B06189E7DF1007E150F /* Frameworks */ = {
			isa = PBXGroup;
			children = (
				58431B07189E7DF1007E150F /* Cocoa.framework */,
				58431B1C189E7DF1007E150F /* XCTest.framework */,
				58431B09189E7DF1007E150F /* Other Frameworks */,
			);
			name = Frameworks;
			sourceTree = "<group>";
		};
		58431B09189E7DF1007E150F /* Other Frameworks */ = {
			isa = PBXGroup;
			children = (
				58431B0A189E7DF1007E150F /* Foundation.framework */,
				58431B0B189E7DF1007E150F /* CoreData.framework */,
				58431B0C189E7DF1007E150F /* AppKit.framework */,
			);
			name = "Other Frameworks";
			sourceTree = "<group>";
		};
		58431B0D189E7DF1007E150F /* JJJ */ = {
			isa = PBXGroup;
			children = (
				58431B32189E8635007E150F /* JJJCoreData.h */,
				58431B33189E8635007E150F /* JJJCoreData.m */,
				58431B34189E8635007E150F /* JJJ.h */,
				58431B35189E8635007E150F /* JJJUtil.h */,
				58431B36189E8635007E150F /* JJJUtil.m */,
				58431B0E189E7DF1007E150F /* Supporting Files */,
			);
			path = JJJ;
			sourceTree = "<group>";
		};
		58431B0E189E7DF1007E150F /* Supporting Files */ = {
			isa = PBXGroup;
			children = (
				58431B0F189E7DF1007E150F /* JJJ-Info.plist */,
				58431B10189E7DF1007E150F /* InfoPlist.strings */,
				58431B13189E7DF1007E150F /* JJJ-Prefix.pch */,
			);
			name = "Supporting Files";
			sourceTree = "<group>";
		};
		58431B22189E7DF1007E150F /* JJJTests */ = {
			isa = PBXGroup;
			children = (
				58431B28189E7DF1007E150F /* JJJTests.m */,
				58431B23189E7DF1007E150F /* Supporting Files */,
			);
			path = JJJTests;
			sourceTree = "<group>";
		};
		58431B23189E7DF1007E150F /* Supporting Files */ = {
			isa = PBXGroup;
			children = (
				58431B24189E7DF1007E150F /* JJJTests-Info.plist */,
				58431B25189E7DF1007E150F /* InfoPlist.strings */,
			);
			name = "Supporting Files";
			sourceTree = "<group>";
		};
/* End PBXGroup section */

/* Begin PBXHeadersBuildPhase section */
		58431B01189E7DF1007E150F /* Headers */ = {
			isa = PBXHeadersBuildPhase;
			buildActionMask = 2147483647;
			files = (
				58431B37189E8635007E150F /* JJJCoreData.h in Headers */,
				58431B3B189E8635007E150F /* JJJUtil.h in Headers */,
				58431B3A189E8635007E150F /* JJJ.h in Headers */,
			);
			runOnlyForDeploymentPostprocessing = 0;
		};
/* End PBXHeadersBuildPhase section */

/* Begin PBXNativeTarget section */
		58431B03189E7DF1007E150F /* JJJ */ = {
			isa = PBXNativeTarget;
			buildConfigurationList = 58431B2C189E7DF1007E150F /* Build configuration list for PBXNativeTarget "JJJ" */;
			buildPhases = (
				58431AFF189E7DF1007E150F /* Sources */,
				58431B00189E7DF1007E150F /* Frameworks */,
				58431B01189E7DF1007E150F /* Headers */,
				58431B02189E7DF1007E150F /* Resources */,
			);
			buildRules = (
			);
			dependencies = (
			);
			name = JJJ;
			productName = JJJ;
			productReference = 58431B04189E7DF1007E150F /* JJJ.framework */;
			productType = "com.apple.product-type.framework";
		};
		58431B1A189E7DF1007E150F /* JJJTests */ = {
			isa = PBXNativeTarget;
			buildConfigurationList = 58431B2F189E7DF1007E150F /* Build configuration list for PBXNativeTarget "JJJTests" */;
			buildPhases = (
				58431B17189E7DF1007E150F /* Sources */,
				58431B18189E7DF1007E150F /* Frameworks */,
				58431B19189E7DF1007E150F /* Resources */,
			);
			buildRules = (
			);
			dependencies = (
				58431B20189E7DF1007E150F /* PBXTargetDependency */,
			);
			name = JJJTests;
			productName = JJJTests;
			productReference = 58431B1B189E7DF1007E150F /* JJJTests.xctest */;
			productType = "com.apple.product-type.bundle.unit-test";
		};
/* End PBXNativeTarget section */

/* Begin PBXProject section */
		58431AFB189E7DF1007E150F /* Project object */ = {
			isa = PBXProject;
			attributes = {
				LastUpgradeCheck = 0500;
				ORGANIZATIONNAME = "Jovito Royeca";
				TargetAttributes = {
					58431B1A189E7DF1007E150F = {
						TestTargetID = 58431B03189E7DF1007E150F;
					};
				};
			};
			buildConfigurationList = 58431AFE189E7DF1007E150F /* Build configuration list for PBXProject "JJJ" */;
			compatibilityVersion = "Xcode 3.2";
			developmentRegion = English;
			hasScannedForEncodings = 0;
			knownRegions = (
				en,
			);
			mainGroup = 58431AFA189E7DF1007E150F;
			productRefGroup = 58431B05189E7DF1007E150F /* Products */;
			projectDirPath = "";
			projectRoot = "";
			targets = (
				58431B03189E7DF1007E150F /* JJJ */,
				58431B1A189E7DF1007E150F /* JJJTests */,
			);
		};
/* End PBXProject section */

/* Begin PBXResourcesBuildPhase section */
		58431B02189E7DF1007E150F /* Resources */ = {
			isa = PBXResourcesBuildPhase;
			buildActionMask = 2147483647;
			files = (
				58431B12189E7DF1007E150F /* InfoPlist.strings in Resources */,
			);
			runOnlyForDeploymentPostprocessing = 0;
		};
		58431B19189E7DF1007E150F /* Resources */ = {
			isa = PBXResourcesBuildPhase;
			buildActionMask = 2147483647;
			files = (
				58431B27189E7DF1007E150F /* InfoPlist.strings in Resources */,
			);
			runOnlyForDeploymentPostprocessing = 0;
		};
/* End PBXResourcesBuildPhase section */

/* Begin PBXSourcesBuildPhase section */
		58431AFF189E7DF1007E150F /* Sources */ = {
			isa = PBXSourcesBuildPhase;
			buildActionMask = 2147483647;
			files = (
				58431B38189E8635007E150F /* JJJCoreData.m in Sources */,
				58431B3C189E8635007E150F /* JJJUtil.m in Sources */,
			);
			runOnlyForDeploymentPostprocessing = 0;
		};
		58431B17189E7DF1007E150F /* Sources */ = {
			isa = PBXSourcesBuildPhase;
			buildActionMask = 2147483647;
			files = (
				58431B39189E8635007E150F /* JJJCoreData.m in Sources */,
				58431B29189E7DF1007E150F /* JJJTests.m in Sources */,
				58431B3D189E8635007E150F /* JJJUtil.m in Sources */,
			);
			runOnlyForDeploymentPostprocessing = 0;
		};
/* End PBXSourcesBuildPhase section */

/* Begin PBXTargetDependency section */
		58431B20189E7DF1007E150F /* PBXTargetDependency */ = {
			isa = PBXTargetDependency;
			target = 58431B03189E7DF1007E150F /* JJJ */;
			targetProxy = 58431B1F189E7DF1007E150F /* PBXContainerItemProxy */;
		};
/* End PBXTargetDependency section */

/* Begin PBXVariantGroup section */
		58431B10189E7DF1007E150F /* InfoPlist.strings */ = {
			isa = PBXVariantGroup;
			children = (
				58431B11189E7DF1007E150F /* en */,
			);
			name = InfoPlist.strings;
			sourceTree = "<group>";
		};
		58431B25189E7DF1007E150F /* InfoPlist.strings */ = {
			isa = PBXVariantGroup;
			children = (
				58431B26189E7DF1007E150F /* en */,
			);
			name = InfoPlist.strings;
			sourceTree = "<group>";
		};
/* End PBXVariantGroup section */

/* Begin XCBuildConfiguration section */
		58431B2A189E7DF1007E150F /* Debug */ = {
			isa = XCBuildConfiguration;
			buildSettings = {
				ALWAYS_SEARCH_USER_PATHS = NO;
				CLANG_CXX_LANGUAGE_STANDARD = "gnu++0x";
				CLANG_CXX_LIBRARY = "libc++";
				CLANG_ENABLE_OBJC_ARC = YES;
				CLANG_WARN_BOOL_CONVERSION = YES;
				CLANG_WARN_CONSTANT_CONVERSION = YES;
				CLANG_WARN_DIRECT_OBJC_ISA_USAGE = YES_ERROR;
				CLANG_WARN_EMPTY_BODY = YES;
				CLANG_WARN_ENUM_CONVERSION = YES;
				CLANG_WARN_INT_CONVERSION = YES;
				CLANG_WARN_OBJC_ROOT_CLASS = YES_ERROR;
				CLANG_WARN__DUPLICATE_METHOD_MATCH = YES;
				COPY_PHASE_STRIP = NO;
				GCC_C_LANGUAGE_STANDARD = gnu99;
				GCC_DYNAMIC_NO_PIC = NO;
				GCC_ENABLE_OBJC_EXCEPTIONS = YES;
				GCC_OPTIMIZATION_LEVEL = 0;
				GCC_PREPROCESSOR_DEFINITIONS = (
					"DEBUG=1",
					"$(inherited)",
				);
				GCC_SYMBOLS_PRIVATE_EXTERN = NO;
				GCC_WARN_64_TO_32_BIT_CONVERSION = YES;
				GCC_WARN_ABOUT_RETURN_TYPE = YES_ERROR;
				GCC_WARN_UNDECLARED_SELECTOR = YES;
				GCC_WARN_UNINITIALIZED_AUTOS = YES;
				GCC_WARN_UNUSED_FUNCTION = YES;
				GCC_WARN_UNUSED_VARIABLE = YES;
				MACOSX_DEPLOYMENT_TARGET = 10.9;
				ONLY_ACTIVE_ARCH = YES;
				SDKROOT = macosx;
			};
			name = Debug;
		};
		58431B2B189E7DF1007E150F /* Release */ = {
			isa = XCBuildConfiguration;
			buildSettings = {
				ALWAYS_SEARCH_USER_PATHS = NO;
				CLANG_CXX_LANGUAGE_STANDARD = "gnu++0x";
				CLANG_CXX_LIBRARY = "libc++";
				CLANG_ENABLE_OBJC_ARC = YES;
				CLANG_WARN_BOOL_CONVERSION = YES;
				CLANG_WARN_CONSTANT_CONVERSION = YES;
				CLANG_WARN_DIRECT_OBJC_ISA_USAGE = YES_ERROR;
				CLANG_WARN_EMPTY_BODY = YES;
				CLANG_WARN_ENUM_CONVERSION = YES;
				CLANG_WARN_INT_CONVERSION = YES;
				CLANG_WARN_OBJC_ROOT_CLASS = YES_ERROR;
				CLANG_WARN__DUPLICATE_METHOD_MATCH = YES;
				COPY_PHASE_STRIP = YES;
				DEBUG_INFORMATION_FORMAT = "dwarf-with-dsym";
				ENABLE_NS_ASSERTIONS = NO;
				GCC_C_LANGUAGE_STANDARD = gnu99;
				GCC_ENABLE_OBJC_EXCEPTIONS = YES;
				GCC_WARN_64_TO_32_BIT_CONVERSION = YES;
				GCC_WARN_ABOUT_RETURN_TYPE = YES_ERROR;
				GCC_WARN_UNDECLARED_SELECTOR = YES;
				GCC_WARN_UNINITIALIZED_AUTOS = YES;
				GCC_WARN_UNUSED_FUNCTION = YES;
				GCC_WARN_UNUSED_VARIABLE = YES;
				MACOSX_DEPLOYMENT_TARGET = 10.9;
				SDKROOT = macosx;
			};
			name = Release;
		};
		58431B2D189E7DF1007E150F /* Debug */ = {
			isa = XCBuildConfiguration;
			buildSettings = {
				COMBINE_HIDPI_IMAGES = YES;
				DYLIB_COMPATIBILITY_VERSION = 1;
				DYLIB_CURRENT_VERSION = 1;
				FRAMEWORK_VERSION = A;
				GCC_PRECOMPILE_PREFIX_HEADER = YES;
				GCC_PREFIX_HEADER = "JJJ/JJJ-Prefix.pch";
				INFOPLIST_FILE = "JJJ/JJJ-Info.plist";
				PRODUCT_NAME = "$(TARGET_NAME)";
				WRAPPER_EXTENSION = framework;
			};
			name = Debug;
		};
		58431B2E189E7DF1007E150F /* Release */ = {
			isa = XCBuildConfiguration;
			buildSettings = {
				COMBINE_HIDPI_IMAGES = YES;
				DYLIB_COMPATIBILITY_VERSION = 1;
				DYLIB_CURRENT_VERSION = 1;
				FRAMEWORK_VERSION = A;
				GCC_PRECOMPILE_PREFIX_HEADER = YES;
				GCC_PREFIX_HEADER = "JJJ/JJJ-Prefix.pch";
				INFOPLIST_FILE = "JJJ/JJJ-Info.plist";
				PRODUCT_NAME = "$(TARGET_NAME)";
				WRAPPER_EXTENSION = framework;
			};
			name = Release;
		};
		58431B30189E7DF1007E150F /* Debug */ = {
			isa = XCBuildConfiguration;
			buildSettings = {
				BUNDLE_LOADER = "$(BUILT_PRODUCTS_DIR)/JJJ.framework/Versions/A/JJJ";
				COMBINE_HIDPI_IMAGES = YES;
				FRAMEWORK_SEARCH_PATHS = (
					"$(DEVELOPER_FRAMEWORKS_DIR)",
					"$(inherited)",
				);
				GCC_PRECOMPILE_PREFIX_HEADER = YES;
				GCC_PREFIX_HEADER = "JJJ/JJJ-Prefix.pch";
				GCC_PREPROCESSOR_DEFINITIONS = (
					"DEBUG=1",
					"$(inherited)",
				);
				INFOPLIST_FILE = "JJJTests/JJJTests-Info.plist";
				PRODUCT_NAME = "$(TARGET_NAME)";
				TEST_HOST = "$(BUNDLE_LOADER)";
				WRAPPER_EXTENSION = xctest;
			};
			name = Debug;
		};
		58431B31189E7DF1007E150F /* Release */ = {
			isa = XCBuildConfiguration;
			buildSettings = {
				BUNDLE_LOADER = "$(BUILT_PRODUCTS_DIR)/JJJ.framework/Versions/A/JJJ";
				COMBINE_HIDPI_IMAGES = YES;
				FRAMEWORK_SEARCH_PATHS = (
					"$(DEVELOPER_FRAMEWORKS_DIR)",
					"$(inherited)",
				);
				GCC_PRECOMPILE_PREFIX_HEADER = YES;
				GCC_PREFIX_HEADER = "JJJ/JJJ-Prefix.pch";
				INFOPLIST_FILE = "JJJTests/JJJTests-Info.plist";
				PRODUCT_NAME = "$(TARGET_NAME)";
				TEST_HOST = "$(BUNDLE_LOADER)";
				WRAPPER_EXTENSION = xctest;
			};
			name = Release;
		};
/* End XCBuildConfiguration section */

/* Begin XCConfigurationList section */
		58431AFE189E7DF1007E150F /* Build configuration list for PBXProject "JJJ" */ = {
			isa = XCConfigurationList;
			buildConfigurations = (
				58431B2A189E7DF1007E150F /* Debug */,
				58431B2B189E7DF1007E150F /* Release */,
			);
			defaultConfigurationIsVisible = 0;
			defaultConfigurationName = Release;
		};
		58431B2C189E7DF1007E150F /* Build configuration list for PBXNativeTarget "JJJ" */ = {
			isa = XCConfigurationList;
			buildConfigurations = (
				58431B2D189E7DF1007E150F /* Debug */,
				58431B2E189E7DF1007E150F /* Release */,
			);
			defaultConfigurationIsVisible = 0;
		};
		58431B2F189E7DF1007E150F /* Build configuration list for PBXNativeTarget "JJJTests" */ = {
			isa = XCConfigurationList;
			buildConfigurations = (
				58431B30189E7DF1007E150F /* Debug */,
				58431B31189E7DF1007E150F /* Release */,
			);
			defaultConfigurationIsVisible = 0;
		};
/* End XCConfigurationList section */
	};
	rootObject = 58431AFB189E7DF1007E150F /* Project object */;
}
