// !$*UTF8*$!
{
	archiveVersion = 1;
	classes = {
	};
	objectVersion = 46;
	objects = {

/* Begin PBXBuildFile section */
		58431AC8189E798D007E150F /* Cocoa.framework in Frameworks */ = {isa = PBXBuildFile; fileRef = 58431AC7189E798D007E150F /* Cocoa.framework */; };
		58431AD2189E798D007E150F /* InfoPlist.strings in Resources */ = {isa = PBXBuildFile; fileRef = 58431AD0189E798D007E150F /* InfoPlist.strings */; };
		58431ADD189E798D007E150F /* XCTest.framework in Frameworks */ = {isa = PBXBuildFile; fileRef = 58431ADC189E798D007E150F /* XCTest.framework */; };
		58431ADE189E798D007E150F /* Cocoa.framework in Frameworks */ = {isa = PBXBuildFile; fileRef = 58431AC7189E798D007E150F /* Cocoa.framework */; };
		58431AE1189E798D007E150F /* JJJ.framework in Frameworks */ = {isa = PBXBuildFile; fileRef = 58431AC4189E798D007E150F /* JJJ.framework */; };
		58431AE7189E798D007E150F /* InfoPlist.strings in Resources */ = {isa = PBXBuildFile; fileRef = 58431AE5189E798D007E150F /* InfoPlist.strings */; };
		58431AE9189E798D007E150F /* JJJTests.m in Sources */ = {isa = PBXBuildFile; fileRef = 58431AE8189E798D007E150F /* JJJTests.m */; };
		58431AF6189E7A67007E150F /* Database.h in Headers */ = {isa = PBXBuildFile; fileRef = 58431AF2189E7A67007E150F /* Database.h */; };
		58431AF7189E7A67007E150F /* Database.m in Sources */ = {isa = PBXBuildFile; fileRef = 58431AF3189E7A67007E150F /* Database.m */; };
		58431AF8189E7A67007E150F /* Util.h in Headers */ = {isa = PBXBuildFile; fileRef = 58431AF4189E7A67007E150F /* Util.h */; };
		58431AF9189E7A67007E150F /* Util.m in Sources */ = {isa = PBXBuildFile; fileRef = 58431AF5189E7A67007E150F /* Util.m */; };
/* End PBXBuildFile section */

/* Begin PBXContainerItemProxy section */
		58431ADF189E798D007E150F /* PBXContainerItemProxy */ = {
			isa = PBXContainerItemProxy;
			containerPortal = 58431ABB189E798C007E150F /* Project object */;
			proxyType = 1;
			remoteGlobalIDString = 58431AC3189E798D007E150F;
			remoteInfo = JJJ;
		};
/* End PBXContainerItemProxy section */

/* Begin PBXFileReference section */
		58431AC4189E798D007E150F /* JJJ.framework */ = {isa = PBXFileReference; explicitFileType = wrapper.framework; includeInIndex = 0; path = JJJ.framework; sourceTree = BUILT_PRODUCTS_DIR; };
		58431AC7189E798D007E150F /* Cocoa.framework */ = {isa = PBXFileReference; lastKnownFileType = wrapper.framework; name = Cocoa.framework; path = System/Library/Frameworks/Cocoa.framework; sourceTree = SDKROOT; };
		58431ACA189E798D007E150F /* Foundation.framework */ = {isa = PBXFileReference; lastKnownFileType = wrapper.framework; name = Foundation.framework; path = System/Library/Frameworks/Foundation.framework; sourceTree = SDKROOT; };
		58431ACB189E798D007E150F /* CoreData.framework */ = {isa = PBXFileReference; lastKnownFileType = wrapper.framework; name = CoreData.framework; path = System/Library/Frameworks/CoreData.framework; sourceTree = SDKROOT; };
		58431ACC189E798D007E150F /* AppKit.framework */ = {isa = PBXFileReference; lastKnownFileType = wrapper.framework; name = AppKit.framework; path = System/Library/Frameworks/AppKit.framework; sourceTree = SDKROOT; };
		58431ACF189E798D007E150F /* JJJ-Info.plist */ = {isa = PBXFileReference; lastKnownFileType = text.plist.xml; path = "JJJ-Info.plist"; sourceTree = "<group>"; };
		58431AD1189E798D007E150F /* en */ = {isa = PBXFileReference; lastKnownFileType = text.plist.strings; name = en; path = en.lproj/InfoPlist.strings; sourceTree = "<group>"; };
		58431AD3189E798D007E150F /* JJJ-Prefix.pch */ = {isa = PBXFileReference; lastKnownFileType = sourcecode.c.h; path = "JJJ-Prefix.pch"; sourceTree = "<group>"; };
		58431AD4189E798D007E150F /* JJJ.h */ = {isa = PBXFileReference; lastKnownFileType = sourcecode.c.h; path = JJJ.h; sourceTree = "<group>"; };
		58431ADB189E798D007E150F /* JJJTests.xctest */ = {isa = PBXFileReference; explicitFileType = wrapper.cfbundle; includeInIndex = 0; path = JJJTests.xctest; sourceTree = BUILT_PRODUCTS_DIR; };
		58431ADC189E798D007E150F /* XCTest.framework */ = {isa = PBXFileReference; lastKnownFileType = wrapper.framework; name = XCTest.framework; path = Library/Frameworks/XCTest.framework; sourceTree = DEVELOPER_DIR; };
		58431AE4189E798D007E150F /* JJJTests-Info.plist */ = {isa = PBXFileReference; lastKnownFileType = text.plist.xml; path = "JJJTests-Info.plist"; sourceTree = "<group>"; };
		58431AE6189E798D007E150F /* en */ = {isa = PBXFileReference; lastKnownFileType = text.plist.strings; name = en; path = en.lproj/InfoPlist.strings; sourceTree = "<group>"; };
		58431AE8189E798D007E150F /* JJJTests.m */ = {isa = PBXFileReference; lastKnownFileType = sourcecode.c.objc; path = JJJTests.m; sourceTree = "<group>"; };
		58431AF2189E7A67007E150F /* Database.h */ = {isa = PBXFileReference; fileEncoding = 4; lastKnownFileType = sourcecode.c.h; path = Database.h; sourceTree = "<group>"; };
		58431AF3189E7A67007E150F /* Database.m */ = {isa = PBXFileReference; fileEncoding = 4; lastKnownFileType = sourcecode.c.objc; path = Database.m; sourceTree = "<group>"; };
		58431AF4189E7A67007E150F /* Util.h */ = {isa = PBXFileReference; fileEncoding = 4; lastKnownFileType = sourcecode.c.h; path = Util.h; sourceTree = "<group>"; };
		58431AF5189E7A67007E150F /* Util.m */ = {isa = PBXFileReference; fileEncoding = 4; lastKnownFileType = sourcecode.c.objc; path = Util.m; sourceTree = "<group>"; };
/* End PBXFileReference section */

/* Begin PBXFrameworksBuildPhase section */
		58431AC0189E798D007E150F /* Frameworks */ = {
			isa = PBXFrameworksBuildPhase;
			buildActionMask = 2147483647;
			files = (
				58431AC8189E798D007E150F /* Cocoa.framework in Frameworks */,
			);
			runOnlyForDeploymentPostprocessing = 0;
		};
		58431AD8189E798D007E150F /* Frameworks */ = {
			isa = PBXFrameworksBuildPhase;
			buildActionMask = 2147483647;
			files = (
				58431ADE189E798D007E150F /* Cocoa.framework in Frameworks */,
				58431AE1189E798D007E150F /* JJJ.framework in Frameworks */,
				58431ADD189E798D007E150F /* XCTest.framework in Frameworks */,
			);
			runOnlyForDeploymentPostprocessing = 0;
		};
/* End PBXFrameworksBuildPhase section */

/* Begin PBXGroup section */
		58431ABA189E798C007E150F = {
			isa = PBXGroup;
			children = (
				58431ACD189E798D007E150F /* JJJ */,
				58431AE2189E798D007E150F /* JJJTests */,
				58431AC6189E798D007E150F /* Frameworks */,
				58431AC5189E798D007E150F /* Products */,
			);
			sourceTree = "<group>";
		};
		58431AC5189E798D007E150F /* Products */ = {
			isa = PBXGroup;
			children = (
				58431AC4189E798D007E150F /* JJJ.framework */,
				58431ADB189E798D007E150F /* JJJTests.xctest */,
			);
			name = Products;
			sourceTree = "<group>";
		};
		58431AC6189E798D007E150F /* Frameworks */ = {
			isa = PBXGroup;
			children = (
				58431AC7189E798D007E150F /* Cocoa.framework */,
				58431ADC189E798D007E150F /* XCTest.framework */,
				58431AC9189E798D007E150F /* Other Frameworks */,
			);
			name = Frameworks;
			sourceTree = "<group>";
		};
		58431AC9189E798D007E150F /* Other Frameworks */ = {
			isa = PBXGroup;
			children = (
				58431ACA189E798D007E150F /* Foundation.framework */,
				58431ACB189E798D007E150F /* CoreData.framework */,
				58431ACC189E798D007E150F /* AppKit.framework */,
			);
			name = "Other Frameworks";
			sourceTree = "<group>";
		};
		58431ACD189E798D007E150F /* JJJ */ = {
			isa = PBXGroup;
			children = (
				58431AF2189E7A67007E150F /* Database.h */,
				58431AF3189E7A67007E150F /* Database.m */,
				58431AF4189E7A67007E150F /* Util.h */,
				58431AF5189E7A67007E150F /* Util.m */,
				58431AD4189E798D007E150F /* JJJ.h */,
				58431ACE189E798D007E150F /* Supporting Files */,
			);
			path = JJJ;
			sourceTree = "<group>";
		};
		58431ACE189E798D007E150F /* Supporting Files */ = {
			isa = PBXGroup;
			children = (
				58431ACF189E798D007E150F /* JJJ-Info.plist */,
				58431AD0189E798D007E150F /* InfoPlist.strings */,
				58431AD3189E798D007E150F /* JJJ-Prefix.pch */,
			);
			name = "Supporting Files";
			sourceTree = "<group>";
		};
		58431AE2189E798D007E150F /* JJJTests */ = {
			isa = PBXGroup;
			children = (
				58431AE8189E798D007E150F /* JJJTests.m */,
				58431AE3189E798D007E150F /* Supporting Files */,
			);
			path = JJJTests;
			sourceTree = "<group>";
		};
		58431AE3189E798D007E150F /* Supporting Files */ = {
			isa = PBXGroup;
			children = (
				58431AE4189E798D007E150F /* JJJTests-Info.plist */,
				58431AE5189E798D007E150F /* InfoPlist.strings */,
			);
			name = "Supporting Files";
			sourceTree = "<group>";
		};
/* End PBXGroup section */

/* Begin PBXHeadersBuildPhase section */
		58431AC1189E798D007E150F /* Headers */ = {
			isa = PBXHeadersBuildPhase;
			buildActionMask = 2147483647;
			files = (
				58431AF8189E7A67007E150F /* Util.h in Headers */,
				58431AF6189E7A67007E150F /* Database.h in Headers */,
			);
			runOnlyForDeploymentPostprocessing = 0;
		};
/* End PBXHeadersBuildPhase section */

/* Begin PBXNativeTarget section */
		58431AC3189E798D007E150F /* JJJ */ = {
			isa = PBXNativeTarget;
			buildConfigurationList = 58431AEC189E798D007E150F /* Build configuration list for PBXNativeTarget "JJJ" */;
			buildPhases = (
				58431ABF189E798D007E150F /* Sources */,
				58431AC0189E798D007E150F /* Frameworks */,
				58431AC1189E798D007E150F /* Headers */,
				58431AC2189E798D007E150F /* Resources */,
			);
			buildRules = (
			);
			dependencies = (
			);
			name = JJJ;
			productName = JJJ;
			productReference = 58431AC4189E798D007E150F /* JJJ.framework */;
			productType = "com.apple.product-type.framework";
		};
		58431ADA189E798D007E150F /* JJJTests */ = {
			isa = PBXNativeTarget;
			buildConfigurationList = 58431AEF189E798D007E150F /* Build configuration list for PBXNativeTarget "JJJTests" */;
			buildPhases = (
				58431AD7189E798D007E150F /* Sources */,
				58431AD8189E798D007E150F /* Frameworks */,
				58431AD9189E798D007E150F /* Resources */,
			);
			buildRules = (
			);
			dependencies = (
				58431AE0189E798D007E150F /* PBXTargetDependency */,
			);
			name = JJJTests;
			productName = JJJTests;
			productReference = 58431ADB189E798D007E150F /* JJJTests.xctest */;
			productType = "com.apple.product-type.bundle.unit-test";
		};
/* End PBXNativeTarget section */

/* Begin PBXProject section */
		58431ABB189E798C007E150F /* Project object */ = {
			isa = PBXProject;
			attributes = {
				LastUpgradeCheck = 0500;
				ORGANIZATIONNAME = "Jovito Royeca";
				TargetAttributes = {
					58431ADA189E798D007E150F = {
						TestTargetID = 58431AC3189E798D007E150F;
					};
				};
			};
			buildConfigurationList = 58431ABE189E798C007E150F /* Build configuration list for PBXProject "JJJ" */;
			compatibilityVersion = "Xcode 3.2";
			developmentRegion = English;
			hasScannedForEncodings = 0;
			knownRegions = (
				en,
			);
			mainGroup = 58431ABA189E798C007E150F;
			productRefGroup = 58431AC5189E798D007E150F /* Products */;
			projectDirPath = "";
			projectRoot = "";
			targets = (
				58431AC3189E798D007E150F /* JJJ */,
				58431ADA189E798D007E150F /* JJJTests */,
			);
		};
/* End PBXProject section */

/* Begin PBXResourcesBuildPhase section */
		58431AC2189E798D007E150F /* Resources */ = {
			isa = PBXResourcesBuildPhase;
			buildActionMask = 2147483647;
			files = (
				58431AD2189E798D007E150F /* InfoPlist.strings in Resources */,
			);
			runOnlyForDeploymentPostprocessing = 0;
		};
		58431AD9189E798D007E150F /* Resources */ = {
			isa = PBXResourcesBuildPhase;
			buildActionMask = 2147483647;
			files = (
				58431AE7189E798D007E150F /* InfoPlist.strings in Resources */,
			);
			runOnlyForDeploymentPostprocessing = 0;
		};
/* End PBXResourcesBuildPhase section */

/* Begin PBXSourcesBuildPhase section */
		58431ABF189E798D007E150F /* Sources */ = {
			isa = PBXSourcesBuildPhase;
			buildActionMask = 2147483647;
			files = (
				58431AF7189E7A67007E150F /* Database.m in Sources */,
				58431AF9189E7A67007E150F /* Util.m in Sources */,
			);
			runOnlyForDeploymentPostprocessing = 0;
		};
		58431AD7189E798D007E150F /* Sources */ = {
			isa = PBXSourcesBuildPhase;
			buildActionMask = 2147483647;
			files = (
				58431AE9189E798D007E150F /* JJJTests.m in Sources */,
			);
			runOnlyForDeploymentPostprocessing = 0;
		};
/* End PBXSourcesBuildPhase section */

/* Begin PBXTargetDependency section */
		58431AE0189E798D007E150F /* PBXTargetDependency */ = {
			isa = PBXTargetDependency;
			target = 58431AC3189E798D007E150F /* JJJ */;
			targetProxy = 58431ADF189E798D007E150F /* PBXContainerItemProxy */;
		};
/* End PBXTargetDependency section */

/* Begin PBXVariantGroup section */
		58431AD0189E798D007E150F /* InfoPlist.strings */ = {
			isa = PBXVariantGroup;
			children = (
				58431AD1189E798D007E150F /* en */,
			);
			name = InfoPlist.strings;
			sourceTree = "<group>";
		};
		58431AE5189E798D007E150F /* InfoPlist.strings */ = {
			isa = PBXVariantGroup;
			children = (
				58431AE6189E798D007E150F /* en */,
			);
			name = InfoPlist.strings;
			sourceTree = "<group>";
		};
/* End PBXVariantGroup section */

/* Begin XCBuildConfiguration section */
		58431AEA189E798D007E150F /* Debug */ = {
			isa = XCBuildConfiguration;
			buildSettings = {
				ALWAYS_SEARCH_USER_PATHS = NO;
				CLANG_CXX_LANGUAGE_STANDARD = "gnu++0x";
				CLANG_CXX_LIBRARY = "libc++";
				CLANG_ENABLE_OBJC_ARC = YES;
				CLANG_WARN_BOOL_CONVERSION = YES;
				CLANG_WARN_CONSTANT_CONVERSION = YES;
				CLANG_WARN_DIRECT_OBJC_ISA_USAGE = YES_ERROR;
				CLANG_WARN_EMPTY_BODY = YES;
				CLANG_WARN_ENUM_CONVERSION = YES;
				CLANG_WARN_INT_CONVERSION = YES;
				CLANG_WARN_OBJC_ROOT_CLASS = YES_ERROR;
				CLANG_WARN__DUPLICATE_METHOD_MATCH = YES;
				COPY_PHASE_STRIP = NO;
				GCC_C_LANGUAGE_STANDARD = gnu99;
				GCC_DYNAMIC_NO_PIC = NO;
				GCC_ENABLE_OBJC_EXCEPTIONS = YES;
				GCC_OPTIMIZATION_LEVEL = 0;
				GCC_PREPROCESSOR_DEFINITIONS = (
					"DEBUG=1",
					"$(inherited)",
				);
				GCC_SYMBOLS_PRIVATE_EXTERN = NO;
				GCC_WARN_64_TO_32_BIT_CONVERSION = YES;
				GCC_WARN_ABOUT_RETURN_TYPE = YES_ERROR;
				GCC_WARN_UNDECLARED_SELECTOR = YES;
				GCC_WARN_UNINITIALIZED_AUTOS = YES;
				GCC_WARN_UNUSED_FUNCTION = YES;
				GCC_WARN_UNUSED_VARIABLE = YES;
				MACOSX_DEPLOYMENT_TARGET = 10.9;
				ONLY_ACTIVE_ARCH = YES;
				SDKROOT = macosx;
			};
			name = Debug;
		};
		58431AEB189E798D007E150F /* Release */ = {
			isa = XCBuildConfiguration;
			buildSettings = {
				ALWAYS_SEARCH_USER_PATHS = NO;
				CLANG_CXX_LANGUAGE_STANDARD = "gnu++0x";
				CLANG_CXX_LIBRARY = "libc++";
				CLANG_ENABLE_OBJC_ARC = YES;
				CLANG_WARN_BOOL_CONVERSION = YES;
				CLANG_WARN_CONSTANT_CONVERSION = YES;
				CLANG_WARN_DIRECT_OBJC_ISA_USAGE = YES_ERROR;
				CLANG_WARN_EMPTY_BODY = YES;
				CLANG_WARN_ENUM_CONVERSION = YES;
				CLANG_WARN_INT_CONVERSION = YES;
				CLANG_WARN_OBJC_ROOT_CLASS = YES_ERROR;
				CLANG_WARN__DUPLICATE_METHOD_MATCH = YES;
				COPY_PHASE_STRIP = YES;
				DEBUG_INFORMATION_FORMAT = "dwarf-with-dsym";
				ENABLE_NS_ASSERTIONS = NO;
				GCC_C_LANGUAGE_STANDARD = gnu99;
				GCC_ENABLE_OBJC_EXCEPTIONS = YES;
				GCC_WARN_64_TO_32_BIT_CONVERSION = YES;
				GCC_WARN_ABOUT_RETURN_TYPE = YES_ERROR;
				GCC_WARN_UNDECLARED_SELECTOR = YES;
				GCC_WARN_UNINITIALIZED_AUTOS = YES;
				GCC_WARN_UNUSED_FUNCTION = YES;
				GCC_WARN_UNUSED_VARIABLE = YES;
				MACOSX_DEPLOYMENT_TARGET = 10.9;
				SDKROOT = macosx;
			};
			name = Release;
		};
		58431AED189E798D007E150F /* Debug */ = {
			isa = XCBuildConfiguration;
			buildSettings = {
				COMBINE_HIDPI_IMAGES = YES;
				DYLIB_COMPATIBILITY_VERSION = 1;
				DYLIB_CURRENT_VERSION = 1;
				FRAMEWORK_VERSION = A;
				GCC_PRECOMPILE_PREFIX_HEADER = YES;
				GCC_PREFIX_HEADER = "JJJ/JJJ-Prefix.pch";
				INFOPLIST_FILE = "JJJ/JJJ-Info.plist";
				PRODUCT_NAME = "$(TARGET_NAME)";
				WRAPPER_EXTENSION = framework;
			};
			name = Debug;
		};
		58431AEE189E798D007E150F /* Release */ = {
			isa = XCBuildConfiguration;
			buildSettings = {
				COMBINE_HIDPI_IMAGES = YES;
				DYLIB_COMPATIBILITY_VERSION = 1;
				DYLIB_CURRENT_VERSION = 1;
				FRAMEWORK_VERSION = A;
				GCC_PRECOMPILE_PREFIX_HEADER = YES;
				GCC_PREFIX_HEADER = "JJJ/JJJ-Prefix.pch";
				INFOPLIST_FILE = "JJJ/JJJ-Info.plist";
				PRODUCT_NAME = "$(TARGET_NAME)";
				WRAPPER_EXTENSION = framework;
			};
			name = Release;
		};
		58431AF0189E798D007E150F /* Debug */ = {
			isa = XCBuildConfiguration;
			buildSettings = {
				BUNDLE_LOADER = "$(BUILT_PRODUCTS_DIR)/JJJ.framework/Versions/A/JJJ";
				COMBINE_HIDPI_IMAGES = YES;
				FRAMEWORK_SEARCH_PATHS = (
					"$(DEVELOPER_FRAMEWORKS_DIR)",
					"$(inherited)",
				);
				GCC_PRECOMPILE_PREFIX_HEADER = YES;
				GCC_PREFIX_HEADER = "JJJ/JJJ-Prefix.pch";
				GCC_PREPROCESSOR_DEFINITIONS = (
					"DEBUG=1",
					"$(inherited)",
				);
				INFOPLIST_FILE = "JJJTests/JJJTests-Info.plist";
				PRODUCT_NAME = "$(TARGET_NAME)";
				TEST_HOST = "$(BUNDLE_LOADER)";
				WRAPPER_EXTENSION = xctest;
			};
			name = Debug;
		};
		58431AF1189E798D007E150F /* Release */ = {
			isa = XCBuildConfiguration;
			buildSettings = {
				BUNDLE_LOADER = "$(BUILT_PRODUCTS_DIR)/JJJ.framework/Versions/A/JJJ";
				COMBINE_HIDPI_IMAGES = YES;
				FRAMEWORK_SEARCH_PATHS = (
					"$(DEVELOPER_FRAMEWORKS_DIR)",
					"$(inherited)",
				);
				GCC_PRECOMPILE_PREFIX_HEADER = YES;
				GCC_PREFIX_HEADER = "JJJ/JJJ-Prefix.pch";
				INFOPLIST_FILE = "JJJTests/JJJTests-Info.plist";
				PRODUCT_NAME = "$(TARGET_NAME)";
				TEST_HOST = "$(BUNDLE_LOADER)";
				WRAPPER_EXTENSION = xctest;
			};
			name = Release;
		};
/* End XCBuildConfiguration section */

/* Begin XCConfigurationList section */
		58431ABE189E798C007E150F /* Build configuration list for PBXProject "JJJ" */ = {
			isa = XCConfigurationList;
			buildConfigurations = (
				58431AEA189E798D007E150F /* Debug */,
				58431AEB189E798D007E150F /* Release */,
			);
			defaultConfigurationIsVisible = 0;
			defaultConfigurationName = Release;
		};
		58431AEC189E798D007E150F /* Build configuration list for PBXNativeTarget "JJJ" */ = {
			isa = XCConfigurationList;
			buildConfigurations = (
				58431AED189E798D007E150F /* Debug */,
				58431AEE189E798D007E150F /* Release */,
			);
			defaultConfigurationIsVisible = 0;
		};
		58431AEF189E798D007E150F /* Build configuration list for PBXNativeTarget "JJJTests" */ = {
			isa = XCConfigurationList;
			buildConfigurations = (
				58431AF0189E798D007E150F /* Debug */,
				58431AF1189E798D007E150F /* Release */,
			);
			defaultConfigurationIsVisible = 0;
		};
/* End XCConfigurationList section */
	};
	rootObject = 58431ABB189E798C007E150F /* Project object */;
}
